
Microsoft Visual Studio Solution File, Format Version 12.00
# Visual Studio 15
VisualStudioVersion = 15.0.27004.2005
MinimumVisualStudioVersion = 10.0.40219.1
Project("{FAE04EC0-301F-11D3-BF4B-00C04F79EFBC}") = "WiFiServer", "WiFiServer\WiFiServer.csproj", "{943C62C2-D0AD-4A86-823D-4D38FB3EE6B0}"
EndProject
Project("{FAE04EC0-301F-11D3-BF4B-00C04F79EFBC}") = "WiFiServer.Tests", "WiFiServer.Tests\WiFiServer.Tests.csproj", "{49BB4970-BACD-4065-976D-A7DD0C000D7F}"
EndProject
Global
	GlobalSection(SolutionConfigurationPlatforms) = preSolution
		Debug|Any CPU = Debug|Any CPU
		Release|Any CPU = Release|Any CPU
	EndGlobalSection
	GlobalSection(ProjectConfigurationPlatforms) = postSolution
		{943C62C2-D0AD-4A86-823D-4D38FB3EE6B0}.Debug|Any CPU.ActiveCfg = Debug|Any CPU
		{943C62C2-D0AD-4A86-823D-4D38FB3EE6B0}.Debug|Any CPU.Build.0 = Debug|Any CPU
		{943C62C2-D0AD-4A86-823D-4D38FB3EE6B0}.Release|Any CPU.ActiveCfg = Release|Any CPU
		{943C62C2-D0AD-4A86-823D-4D38FB3EE6B0}.Release|Any CPU.Build.0 = Release|Any CPU
		{49BB4970-BACD-4065-976D-A7DD0C000D7F}.Debug|Any CPU.ActiveCfg = Debug|Any CPU
		{49BB4970-BACD-4065-976D-A7DD0C000D7F}.Debug|Any CPU.Build.0 = Debug|Any CPU
		{49BB4970-BACD-4065-976D-A7DD0C000D7F}.Release|Any CPU.ActiveCfg = Release|Any CPU
		{49BB4970-BACD-4065-976D-A7DD0C000D7F}.Release|Any CPU.Build.0 = Release|Any CPU
	EndGlobalSection
	GlobalSection(SolutionProperties) = preSolution
		HideSolutionNode = FALSE
	EndGlobalSection
	GlobalSection(ExtensibilityGlobals) = postSolution
		SolutionGuid = {519B62BB-1FD4-4E7B-B96D-84F90EADB19E}
	EndGlobalSection
EndGlobal
